
Microsoft Visual Studio Solution File, Format Version 12.00
# Visual Studio 15
VisualStudioVersion = 15.0.34526.175
MinimumVisualStudioVersion = 10.0.40219.1
Project("{F184B08F-C81C-45F6-A57F-5ABD9991F28F}") = "Project_VB_Net_MVC", "Project_VB_Net_MVC\Project_VB_Net_MVC.vbproj", "{835E8888-99D5-42C6-AFBD-E56EB2E76FCF}"
EndProject
Global
	GlobalSection(SolutionConfigurationPlatforms) = preSolution
		Debug|Any CPU = Debug|Any CPU
		Release|Any CPU = Release|Any CPU
	EndGlobalSection
	GlobalSection(ProjectConfigurationPlatforms) = postSolution
		{835E8888-99D5-42C6-AFBD-E56EB2E76FCF}.Debug|Any CPU.ActiveCfg = Debug|Any CPU
		{835E8888-99D5-42C6-AFBD-E56EB2E76FCF}.Debug|Any CPU.Build.0 = Debug|Any CPU
		{835E8888-99D5-42C6-AFBD-E56EB2E76FCF}.Release|Any CPU.ActiveCfg = Release|Any CPU
		{835E8888-99D5-42C6-AFBD-E56EB2E76FCF}.Release|Any CPU.Build.0 = Release|Any CPU
	EndGlobalSection
	GlobalSection(SolutionProperties) = preSolution
		HideSolutionNode = FALSE
	EndGlobalSection
	GlobalSection(ExtensibilityGlobals) = postSolution
		SolutionGuid = {9357F358-DF6D-4AA6-8DF4-04F2CE300BA3}
	EndGlobalSection
EndGlobal
